
Microsoft Visual Studio Solution File, Format Version 12.00
# Visual Studio Version 17
VisualStudioVersion = 17.9.34902.65
MinimumVisualStudioVersion = 10.0.40219.1
Project("{FAE04EC0-301F-11D3-BF4B-00C04F79EFBC}") = "BigOExample", "BigOExample\BigOExample.csproj", "{0B13CDF0-5341-4E23-844C-E22F0B1B73C9}"
EndProject
Global
	GlobalSection(SolutionConfigurationPlatforms) = preSolution
		Debug|Any CPU = Debug|Any CPU
		Release|Any CPU = Release|Any CPU
	EndGlobalSection
	GlobalSection(ProjectConfigurationPlatforms) = postSolution
		{0B13CDF0-5341-4E23-844C-E22F0B1B73C9}.Debug|Any CPU.ActiveCfg = Debug|Any CPU
		{0B13CDF0-5341-4E23-844C-E22F0B1B73C9}.Debug|Any CPU.Build.0 = Debug|Any CPU
		{0B13CDF0-5341-4E23-844C-E22F0B1B73C9}.Release|Any CPU.ActiveCfg = Release|Any CPU
		{0B13CDF0-5341-4E23-844C-E22F0B1B73C9}.Release|Any CPU.Build.0 = Release|Any CPU
	EndGlobalSection
	GlobalSection(SolutionProperties) = preSolution
		HideSolutionNode = FALSE
	EndGlobalSection
	GlobalSection(ExtensibilityGlobals) = postSolution
		SolutionGuid = {E396E142-BF82-40DD-A443-FAB8A6B3500C}
	EndGlobalSection
EndGlobal
