
Microsoft Visual Studio Solution File, Format Version 12.00
# Visual Studio Version 17
VisualStudioVersion = 17.9.34902.65
MinimumVisualStudioVersion = 10.0.40219.1
Project("{FAE04EC0-301F-11D3-BF4B-00C04F79EFBC}") = "ClassObject", "ClassObject\ClassObject.csproj", "{60966002-CF24-4903-BDE3-012C72EE748E}"
EndProject
Global
	GlobalSection(SolutionConfigurationPlatforms) = preSolution
		Debug|Any CPU = Debug|Any CPU
		Release|Any CPU = Release|Any CPU
	EndGlobalSection
	GlobalSection(ProjectConfigurationPlatforms) = postSolution
		{60966002-CF24-4903-BDE3-012C72EE748E}.Debug|Any CPU.ActiveCfg = Debug|Any CPU
		{60966002-CF24-4903-BDE3-012C72EE748E}.Debug|Any CPU.Build.0 = Debug|Any CPU
		{60966002-CF24-4903-BDE3-012C72EE748E}.Release|Any CPU.ActiveCfg = Release|Any CPU
		{60966002-CF24-4903-BDE3-012C72EE748E}.Release|Any CPU.Build.0 = Release|Any CPU
	EndGlobalSection
	GlobalSection(SolutionProperties) = preSolution
		HideSolutionNode = FALSE
	EndGlobalSection
	GlobalSection(ExtensibilityGlobals) = postSolution
		SolutionGuid = {B7EB895A-D961-4F7D-A7EE-909517BCD3B7}
	EndGlobalSection
EndGlobal
